PODS:
  - Kingfisher (4.10.0)
  - SnapKit (5.0.1)

DEPENDENCIES:
  - Kingfisher (= 4.10.0)
  - SnapKit

SPEC REPOS:
  https://mirrors.tuna.tsinghua.edu.cn/git/CocoaPods/Specs.git:
    - Kingfisher
    - SnapKit

SPEC CHECKSUMS:
  Kingfisher: 43c4b802d8b5256cf1f4379e9cd10b329be6d3e2
  SnapKit: 97b92857e3df3a0c71833cce143274bf6ef8e5eb

PODFILE CHECKSUM: ed5870da1c39b99565d0a9fe1509334bc5386247

COCOAPODS: 1.8.4
